
Microsoft Visual Studio Solution File, Format Version 12.00
# Visual Studio Version 17
VisualStudioVersion = 17.5.002.0
MinimumVisualStudioVersion = 10.0.40219.1
Project("{9A19103F-16F7-4668-BE54-9A1E7A4F7556}") = "WpfApp2", "WpfApp2.csproj", "{B596B5CE-E867-4885-BAC1-E6C5BB4E9691}"
EndProject
Global
	GlobalSection(SolutionConfigurationPlatforms) = preSolution
		Debug|Any CPU = Debug|Any CPU
		Release|Any CPU = Release|Any CPU
	EndGlobalSection
	GlobalSection(ProjectConfigurationPlatforms) = postSolution
		{B596B5CE-E867-4885-BAC1-E6C5BB4E9691}.Debug|Any CPU.ActiveCfg = Debug|Any CPU
		{B596B5CE-E867-4885-BAC1-E6C5BB4E9691}.Debug|Any CPU.Build.0 = Debug|Any CPU
		{B596B5CE-E867-4885-BAC1-E6C5BB4E9691}.Release|Any CPU.ActiveCfg = Release|Any CPU
		{B596B5CE-E867-4885-BAC1-E6C5BB4E9691}.Release|Any CPU.Build.0 = Release|Any CPU
	EndGlobalSection
	GlobalSection(SolutionProperties) = preSolution
		HideSolutionNode = FALSE
	EndGlobalSection
	GlobalSection(ExtensibilityGlobals) = postSolution
		SolutionGuid = {9E05CC71-E347-4CBA-AE5C-ECA4E2E549E3}
	EndGlobalSection
EndGlobal
