
Microsoft Visual Studio Solution File, Format Version 12.00
# Visual Studio Version 17
VisualStudioVersion = 17.0.31903.59
MinimumVisualStudioVersion = 10.0.40219.1
Project("{2150E333-8FDC-42A3-9474-1A3956D46DE8}") = "src", "src", "{B9FC2C01-9815-4555-9C4E-F5C7883841FB}"
EndProject
Project("{F2A71F9B-5D33-465A-A702-920D77279786}") = "Application", "src\Application\Application.fsproj", "{AF9B7E4E-BDD8-483A-8EB1-981F7E9FE274}"
EndProject
Project("{F2A71F9B-5D33-465A-A702-920D77279786}") = "Lexer", "src\Lexer\Lexer.fsproj", "{8F63215C-7FBF-439F-A95E-25E5AC52B320}"
EndProject
Project("{F2A71F9B-5D33-465A-A702-920D77279786}") = "Types", "src\SharedTypes\SharedTypes.fsproj", "{252E2C2F-47BF-47F4-A44B-50E8F8FC7A89}"
EndProject
Project("{F2A71F9B-5D33-465A-A702-920D77279786}") = "SymbolTable", "src\SymbolTable\SymbolTable.fsproj", "{E6398BD8-3A08-4220-A850-009D8C535772}"
EndProject
Project("{F2A71F9B-5D33-465A-A702-920D77279786}") = "Parser", "src\Parser\Parser.fsproj", "{0A49263A-4F63-4BE9-880D-69636EF52223}"
EndProject
Project("{F2A71F9B-5D33-465A-A702-920D77279786}") = "Interpreter", "src\Interpreter\Interpreter.fsproj", "{F586A410-47BC-4CD2-934C-06B668F13EC9}"
EndProject
Global
	GlobalSection(SolutionConfigurationPlatforms) = preSolution
		Debug|Any CPU = Debug|Any CPU
		Release|Any CPU = Release|Any CPU
	EndGlobalSection
	GlobalSection(SolutionProperties) = preSolution
		HideSolutionNode = FALSE
	EndGlobalSection
	GlobalSection(ProjectConfigurationPlatforms) = postSolution
		{AF9B7E4E-BDD8-483A-8EB1-981F7E9FE274}.Debug|Any CPU.ActiveCfg = Debug|Any CPU
		{AF9B7E4E-BDD8-483A-8EB1-981F7E9FE274}.Debug|Any CPU.Build.0 = Debug|Any CPU
		{AF9B7E4E-BDD8-483A-8EB1-981F7E9FE274}.Release|Any CPU.ActiveCfg = Release|Any CPU
		{AF9B7E4E-BDD8-483A-8EB1-981F7E9FE274}.Release|Any CPU.Build.0 = Release|Any CPU
		{8F63215C-7FBF-439F-A95E-25E5AC52B320}.Debug|Any CPU.ActiveCfg = Debug|Any CPU
		{8F63215C-7FBF-439F-A95E-25E5AC52B320}.Debug|Any CPU.Build.0 = Debug|Any CPU
		{8F63215C-7FBF-439F-A95E-25E5AC52B320}.Release|Any CPU.ActiveCfg = Release|Any CPU
		{8F63215C-7FBF-439F-A95E-25E5AC52B320}.Release|Any CPU.Build.0 = Release|Any CPU
		{252E2C2F-47BF-47F4-A44B-50E8F8FC7A89}.Debug|Any CPU.ActiveCfg = Debug|Any CPU
		{252E2C2F-47BF-47F4-A44B-50E8F8FC7A89}.Debug|Any CPU.Build.0 = Debug|Any CPU
		{252E2C2F-47BF-47F4-A44B-50E8F8FC7A89}.Release|Any CPU.ActiveCfg = Release|Any CPU
		{252E2C2F-47BF-47F4-A44B-50E8F8FC7A89}.Release|Any CPU.Build.0 = Release|Any CPU
		{E6398BD8-3A08-4220-A850-009D8C535772}.Debug|Any CPU.ActiveCfg = Debug|Any CPU
		{E6398BD8-3A08-4220-A850-009D8C535772}.Debug|Any CPU.Build.0 = Debug|Any CPU
		{E6398BD8-3A08-4220-A850-009D8C535772}.Release|Any CPU.ActiveCfg = Release|Any CPU
		{E6398BD8-3A08-4220-A850-009D8C535772}.Release|Any CPU.Build.0 = Release|Any CPU
		{0A49263A-4F63-4BE9-880D-69636EF52223}.Debug|Any CPU.ActiveCfg = Debug|Any CPU
		{0A49263A-4F63-4BE9-880D-69636EF52223}.Debug|Any CPU.Build.0 = Debug|Any CPU
		{0A49263A-4F63-4BE9-880D-69636EF52223}.Release|Any CPU.ActiveCfg = Release|Any CPU
		{0A49263A-4F63-4BE9-880D-69636EF52223}.Release|Any CPU.Build.0 = Release|Any CPU
		{F586A410-47BC-4CD2-934C-06B668F13EC9}.Debug|Any CPU.ActiveCfg = Debug|Any CPU
		{F586A410-47BC-4CD2-934C-06B668F13EC9}.Debug|Any CPU.Build.0 = Debug|Any CPU
		{F586A410-47BC-4CD2-934C-06B668F13EC9}.Release|Any CPU.ActiveCfg = Release|Any CPU
		{F586A410-47BC-4CD2-934C-06B668F13EC9}.Release|Any CPU.Build.0 = Release|Any CPU
	EndGlobalSection
	GlobalSection(NestedProjects) = preSolution
		{AF9B7E4E-BDD8-483A-8EB1-981F7E9FE274} = {B9FC2C01-9815-4555-9C4E-F5C7883841FB}
		{8F63215C-7FBF-439F-A95E-25E5AC52B320} = {B9FC2C01-9815-4555-9C4E-F5C7883841FB}
		{252E2C2F-47BF-47F4-A44B-50E8F8FC7A89} = {B9FC2C01-9815-4555-9C4E-F5C7883841FB}
		{E6398BD8-3A08-4220-A850-009D8C535772} = {B9FC2C01-9815-4555-9C4E-F5C7883841FB}
		{0A49263A-4F63-4BE9-880D-69636EF52223} = {B9FC2C01-9815-4555-9C4E-F5C7883841FB}
		{F586A410-47BC-4CD2-934C-06B668F13EC9} = {B9FC2C01-9815-4555-9C4E-F5C7883841FB}
	EndGlobalSection
EndGlobal
